
Microsoft Visual Studio Solution File, Format Version 12.00
# Visual Studio Version 17
VisualStudioVersion = 17.7.34031.279
MinimumVisualStudioVersion = 10.0.40219.1
Project("{FAE04EC0-301F-11D3-BF4B-00C04F79EFBC}") = "Lab_04- Calculator", "Lab_04- Calculator\Lab_04- Calculator.csproj", "{DEDF5044-415F-4043-92E7-1F6363394BE0}"
EndProject
Global
	GlobalSection(SolutionConfigurationPlatforms) = preSolution
		Debug|Any CPU = Debug|Any CPU
		Release|Any CPU = Release|Any CPU
	EndGlobalSection
	GlobalSection(ProjectConfigurationPlatforms) = postSolution
		{DEDF5044-415F-4043-92E7-1F6363394BE0}.Debug|Any CPU.ActiveCfg = Debug|Any CPU
		{DEDF5044-415F-4043-92E7-1F6363394BE0}.Debug|Any CPU.Build.0 = Debug|Any CPU
		{DEDF5044-415F-4043-92E7-1F6363394BE0}.Release|Any CPU.ActiveCfg = Release|Any CPU
		{DEDF5044-415F-4043-92E7-1F6363394BE0}.Release|Any CPU.Build.0 = Release|Any CPU
	EndGlobalSection
	GlobalSection(SolutionProperties) = preSolution
		HideSolutionNode = FALSE
	EndGlobalSection
	GlobalSection(ExtensibilityGlobals) = postSolution
		SolutionGuid = {EF7460B7-6150-4DAF-8F73-1CA4AA807C9D}
	EndGlobalSection
EndGlobal
