
Microsoft Visual Studio Solution File, Format Version 12.00
# Visual Studio Version 17
VisualStudioVersion = 17.7.34031.279
MinimumVisualStudioVersion = 10.0.40219.1
Project("{FAE04EC0-301F-11D3-BF4B-00C04F79EFBC}") = "Calculator", "Calculator\Calculator.csproj", "{880F4794-5BA6-4875-98C8-AEC541812991}"
EndProject
Global
	GlobalSection(SolutionConfigurationPlatforms) = preSolution
		Debug|Any CPU = Debug|Any CPU
		Release|Any CPU = Release|Any CPU
	EndGlobalSection
	GlobalSection(ProjectConfigurationPlatforms) = postSolution
		{880F4794-5BA6-4875-98C8-AEC541812991}.Debug|Any CPU.ActiveCfg = Debug|Any CPU
		{880F4794-5BA6-4875-98C8-AEC541812991}.Debug|Any CPU.Build.0 = Debug|Any CPU
		{880F4794-5BA6-4875-98C8-AEC541812991}.Release|Any CPU.ActiveCfg = Release|Any CPU
		{880F4794-5BA6-4875-98C8-AEC541812991}.Release|Any CPU.Build.0 = Release|Any CPU
	EndGlobalSection
	GlobalSection(SolutionProperties) = preSolution
		HideSolutionNode = FALSE
	EndGlobalSection
	GlobalSection(ExtensibilityGlobals) = postSolution
		SolutionGuid = {FE39DE17-69D6-4630-8D1A-2347A78D2C99}
	EndGlobalSection
EndGlobal
